{
  "nodes": {
    "crane": {
      "locked": {
        "lastModified": 1758215636,
        "narHash": "sha256-8nkzkPbdxze8CxWhKWlcLbJEU1vfLM/nVqRlTy17V54=",
        "owner": "ipetkov",
        "repo": "crane",
        "rev": "a669fe77a8b0cd6f11419d89ea45a16691ca5121",
        "type": "github"
      },
      "original": {
        "owner": "ipetkov",
        "repo": "crane",
        "type": "github"
      }
    },
    "disko": {
      "inputs": {
        "nixpkgs": [
          "nixpkgs"
        ]
      },
      "locked": {
        "lastModified": 1753140376,
        "narHash": "sha256-7lrVrE0jSvZHrxEzvnfHFE/Wkk9DDqb+mYCodI5uuB8=",
        "owner": "nix-community",
        "repo": "disko",
        "rev": "545aba02960caa78a31bd9a8709a0ad4b6320a5c",
        "type": "github"
      },
      "original": {
        "owner": "nix-community",
        "repo": "disko",
        "type": "github"
      }
    },
    "home-manager": {
      "inputs": {
        "nixpkgs": [
          "nixpkgs"
        ]
      },
      "locked": {
        "lastModified": 1753470191,
        "narHash": "sha256-hOUWU5L62G9sm8NxdiLWlLIJZz9H52VuFiDllHdwmVA=",
        "owner": "nix-community",
        "repo": "home-manager",
        "rev": "a1817d1c0e5eabe7dfdfe4caa46c94d9d8f3fdb6",
        "type": "github"
      },
      "original": {
        "owner": "nix-community",
        "repo": "home-manager",
        "type": "github"
      }
    },
    "ndf": {
      "flake": false,
      "locked": {
        "lastModified": 1758978548,
        "narHash": "sha256-3X4gICtMCOJqgBcP5gytvGHqZryX4wJAhYoDcRi7Qog=",
        "owner": "bartoszwjn",
        "repo": "ndf",
        "rev": "8c3b1926f7dd189be8b24670e036666875ad17a8",
        "type": "github"
      },
      "original": {
        "owner": "bartoszwjn",
        "repo": "ndf",
        "type": "github"
      }
    },
    "nixpkgs": {
      "locked": {
        "lastModified": 1753399495,
        "narHash": "sha256-7XG/QBqhrYOyA2houjRTL2NMa7IKZZ/somBqr+Q/6Wo=",
        "owner": "NixOS",
        "repo": "nixpkgs",
        "rev": "0d00f23f023b7215b3f1035adb5247c8ec180dbc",
        "type": "github"
      },
      "original": {
        "owner": "NixOS",
        "ref": "nixpkgs-unstable",
        "repo": "nixpkgs",
        "type": "github"
      }
    },
    "private-config": {
      "locked": {
        "lastModified": 1758545552,
        "narHash": "sha256-K3HycpFYJEMjyOlfx1WAIJBmauZmXI25dvW0KhdwO4Q=",
        "owner": "bartoszwjn",
        "repo": "private-config",
        "rev": "0fd744a91e9afc72b640770699edce3dcd157b8b",
        "type": "github"
      },
      "original": {
        "owner": "bartoszwjn",
        "repo": "private-config",
        "type": "github"
      }
    },
    "root": {
      "inputs": {
        "crane": "crane",
        "disko": "disko",
        "home-manager": "home-manager",
        "ndf": "ndf",
        "nixpkgs": "nixpkgs",
        "private-config": "private-config",
        "sops-nix": "sops-nix",
        "systems": "systems",
        "treefmt-nix": "treefmt-nix"
      }
    },
    "sops-nix": {
      "inputs": {
        "nixpkgs": [
          "nixpkgs"
        ]
      },
      "locked": {
        "lastModified": 1752544651,
        "narHash": "sha256-GllP7cmQu7zLZTs9z0J2gIL42IZHa9CBEXwBY9szT0U=",
        "owner": "Mic92",
        "repo": "sops-nix",
        "rev": "2c8def626f54708a9c38a5861866660395bb3461",
        "type": "github"
      },
      "original": {
        "owner": "Mic92",
        "repo": "sops-nix",
        "type": "github"
      }
    },
    "systems": {
      "locked": {
        "lastModified": 1680978846,
        "narHash": "sha256-Gtqg8b/v49BFDpDetjclCYXm8mAnTrUzR0JnE2nv5aw=",
        "owner": "nix-systems",
        "repo": "x86_64-linux",
        "rev": "2ecfcac5e15790ba6ce360ceccddb15ad16d08a8",
        "type": "github"
      },
      "original": {
        "owner": "nix-systems",
        "repo": "x86_64-linux",
        "type": "github"
      }
    },
    "treefmt-nix": {
      "inputs": {
        "nixpkgs": [
          "nixpkgs"
        ]
      },
      "locked": {
        "lastModified": 1753439394,
        "narHash": "sha256-Bv9h1AJegLI8uAhiJ1sZ4XAndYxhgf38tMgCQwiEpmc=",
        "owner": "numtide",
        "repo": "treefmt-nix",
        "rev": "2673921c03d6e75fdf4aa93e025772608d1482cf",
        "type": "github"
      },
      "original": {
        "owner": "numtide",
        "repo": "treefmt-nix",
        "type": "github"
      }
    }
  },
  "root": "root",
  "version": 7
}
